
Microsoft Visual Studio Solution File, Format Version 12.00
# Visual Studio Version 16
VisualStudioVersion = 16.0.31605.320
MinimumVisualStudioVersion = 10.0.40219.1
Project("{FAE04EC0-301F-11D3-BF4B-00C04F79EFBC}") = "ListasDobles", "ListasDobles\ListasDobles.csproj", "{4768CAB4-D546-4144-A075-E60907542785}"
EndProject
Global
	GlobalSection(SolutionConfigurationPlatforms) = preSolution
		Debug|Any CPU = Debug|Any CPU
		Release|Any CPU = Release|Any CPU
	EndGlobalSection
	GlobalSection(ProjectConfigurationPlatforms) = postSolution
		{4768CAB4-D546-4144-A075-E60907542785}.Debug|Any CPU.ActiveCfg = Debug|Any CPU
		{4768CAB4-D546-4144-A075-E60907542785}.Debug|Any CPU.Build.0 = Debug|Any CPU
		{4768CAB4-D546-4144-A075-E60907542785}.Release|Any CPU.ActiveCfg = Release|Any CPU
		{4768CAB4-D546-4144-A075-E60907542785}.Release|Any CPU.Build.0 = Release|Any CPU
	EndGlobalSection
	GlobalSection(SolutionProperties) = preSolution
		HideSolutionNode = FALSE
	EndGlobalSection
	GlobalSection(ExtensibilityGlobals) = postSolution
		SolutionGuid = {3FDF926B-E1D0-447F-8EA1-5E61274CBBFD}
	EndGlobalSection
EndGlobal
